{
  "name": "freezerinventoryorganizer",
  "version": "0.0.0",
  "lockfileVersion": 1,
  "requires": true,
  "main": "app.js",
  "license": "MIT",
  "dependencies": {
    "express": "^4.16.1",
  },
  "scripts": {
    "start": "node app.js",
    "heroku-postbuild": "cd react && npm install && npm run build"
  }
}
